
Microsoft Visual Studio Solution File, Format Version 12.00
# Visual Studio Version 17
VisualStudioVersion = 17.0.32126.317
MinimumVisualStudioVersion = 10.0.40219.1
Project("{FAE04EC0-301F-11D3-BF4B-00C04F79EFBC}") = "WBTestProject1", "WBTestProject1.csproj", "{0CCE0BD6-7EA4-4918-AD41-9BA2C594766C}"
EndProject
Global
	GlobalSection(SolutionConfigurationPlatforms) = preSolution
		Debug|Any CPU = Debug|Any CPU
		Release|Any CPU = Release|Any CPU
	EndGlobalSection
	GlobalSection(ProjectConfigurationPlatforms) = postSolution
		{0CCE0BD6-7EA4-4918-AD41-9BA2C594766C}.Debug|Any CPU.ActiveCfg = Debug|Any CPU
		{0CCE0BD6-7EA4-4918-AD41-9BA2C594766C}.Debug|Any CPU.Build.0 = Debug|Any CPU
		{0CCE0BD6-7EA4-4918-AD41-9BA2C594766C}.Release|Any CPU.ActiveCfg = Release|Any CPU
		{0CCE0BD6-7EA4-4918-AD41-9BA2C594766C}.Release|Any CPU.Build.0 = Release|Any CPU
	EndGlobalSection
	GlobalSection(SolutionProperties) = preSolution
		HideSolutionNode = FALSE
	EndGlobalSection
	GlobalSection(ExtensibilityGlobals) = postSolution
		SolutionGuid = {C2C1EAE1-22A3-4110-9F59-5AA27147587C}
	EndGlobalSection
EndGlobal
